<?xml version="1.0" encoding="utf-8"?>
<Project ToolsVersion="4.0" xmlns="http://schemas.microsoft.com/developer/msbuild/2003">
  <ItemGroup>
    <Filter Include="源文件">
      <UniqueIdentifier>{4FC737F1-C7A5-4376-A066-2A32D752A2FF}</UniqueIdentifier>
      <Extensions>cpp;c;cc;cxx;def;odl;idl;hpj;bat;asm;asmx</Extensions>
    </Filter>
    <Filter Include="头文件">
      <UniqueIdentifier>{93995380-89BD-4b04-88EB-625FBE52EBFB}</UniqueIdentifier>
      <Extensions>h;hpp;hxx;hm;inl;inc;xsd</Extensions>
    </Filter>
    <Filter Include="资源文件">
      <UniqueIdentifier>{67DA6AB6-F800-4c08-8B7A-83BB121AAD01}</UniqueIdentifier>
      <Extensions>rc;ico;cur;bmp;dlg;rc2;rct;bin;rgs;gif;jpg;jpeg;jpe;resx;tiff;tif;png;wav;mfcribbon-ms</Extensions>
    </Filter>
    <Filter Include="源文件\httpserver">
      <UniqueIdentifier>{35dc8c28-045e-4e69-85f1-847d8581e332}</UniqueIdentifier>
    </Filter>
    <Filter Include="源文件\XTcp">
      <UniqueIdentifier>{0afd23fa-7772-4371-98ea-98e42d9b7727}</UniqueIdentifier>
    </Filter>
    <Filter Include="源文件\httpserver\wwwroot">
      <UniqueIdentifier>{ceaed753-8c53-4468-9c2e-d05500bf50cb}</UniqueIdentifier>
    </Filter>
  </ItemGroup>
  <ItemGroup>
    <ClInclude Include="HttpClient.h">
      <Filter>头文件</Filter>
    </ClInclude>
    <ClInclude Include="HttpResponse.h">
      <Filter>头文件</Filter>
    </ClInclude>
    <ClInclude Include="HttpServer.h">
      <Filter>头文件</Filter>
    </ClInclude>
    <ClInclude Include="XTcp\XTcp.h">
      <Filter>源文件\XTcp</Filter>
    </ClInclude>
  </ItemGroup>
  <ItemGroup>
    <ClCompile Include="HttpClient.cpp">
      <Filter>源文件\httpserver</Filter>
    </ClCompile>
    <ClCompile Include="HttpResponse.cpp">
      <Filter>源文件\httpserver</Filter>
    </ClCompile>
    <ClCompile Include="HttpServer.cpp">
      <Filter>源文件\httpserver</Filter>
    </ClCompile>
    <ClCompile Include="main.cpp">
      <Filter>源文件\httpserver</Filter>
    </ClCompile>
    <ClCompile Include="XTcp\XTcp.cpp">
      <Filter>源文件\XTcp</Filter>
    </ClCompile>
  </ItemGroup>
</Project>